{
    "_meta": {
        "hash": {
            "sha256": "aacbbe101d995d20eab1aad18f3045d8109d9b5eaf3c6d5a143deed562bc7771"
        },
        "host-environment-markers": {
            "implementation_name": "cpython",
            "implementation_version": "0",
            "os_name": "posix",
            "platform_machine": "x86_64",
            "platform_python_implementation": "CPython",
            "platform_release": "16.7.0",
            "platform_system": "Darwin",
            "platform_version": "Darwin Kernel Version 16.7.0: Thu Jun 15 17:36:27 PDT 2017; root:xnu-3789.70.16~2/RELEASE_X86_64",
            "python_full_version": "2.7.10",
            "python_version": "2.7",
            "sys_platform": "darwin"
        },
        "pipfile-spec": 6,
        "requires": {
            "python_version": "2.7"
        },
        "sources": [
            {
                "name": "pypi",
                "url": "https://pypi.python.org/simple",
                "verify_ssl": true
            }
        ]
    },
    "default": {
        "feedparser": {
            "hashes": [
                "sha256:ce875495c90ebd74b179855449040003a1beb40cd13d5f037a0654251e260b02",
                "sha256:bd030652c2d08532c034c27fcd7c85868e7fa3cb2b17f230a44a6bbc92519bf9",
                "sha256:cd2485472e41471632ed3029d44033ee420ad0b57111db95c240c9160a85831c"
            ],
            "version": "==5.2.1"
        },
        "pydelicious": {
            "hashes": [
                "sha256:adfc0c275dbdd18e47dcb50c6b777a53d0d02324b991f84b43e49b2a54beeee5"
            ],
            "version": "==0.6.1"
        }
    },
    "develop": {}
}
