{
    "_meta": {
        "hash": {
            "sha256": "810509b87392c416ccd5e38a9f464146245e6607223d7258efb2516a1413544b"
        },
        "pipfile-spec": 6,
        "requires": {
            "python_version": "2.7"
        },
        "sources": [
            {
                "name": "pypi",
                "url": "https://pypi.org/simple",
                "verify_ssl": true
            }
        ]
    },
    "default": {
        "8467927": {
            "path": "./tasks_proj"
        }
    },
    "develop": {}
}
